// !$*UTF8*$!
{
	archiveVersion = 1;
	classes = {
	};
	objectVersion = 56;
	objects = {

/* Begin PBXBuildFile section */
		B5937648298E456D00697140 /* AppDelegate.swift in Sources */ = {isa = PBXBuildFile; fileRef = B5937647298E456D00697140 /* AppDelegate.swift */; };
		B593764A298E456D00697140 /* SceneDelegate.swift in Sources */ = {isa = PBXBuildFile; fileRef = B5937649298E456D00697140 /* SceneDelegate.swift */; };
		B593764C298E456D00697140 /* NewsViewController.swift in Sources */ = {isa = PBXBuildFile; fileRef = B593764B298E456D00697140 /* NewsViewController.swift */; };
		B5937654298E456F00697140 /* Assets.xcassets in Resources */ = {isa = PBXBuildFile; fileRef = B5937653298E456F00697140 /* Assets.xcassets */; };
		B5937657298E456F00697140 /* LaunchScreen.storyboard in Resources */ = {isa = PBXBuildFile; fileRef = B5937655298E456F00697140 /* LaunchScreen.storyboard */; };
		B5937663298E518E00697140 /* NewsModel.swift in Sources */ = {isa = PBXBuildFile; fileRef = B5937662298E518E00697140 /* NewsModel.swift */; };
		B5937667298E610B00697140 /* NewsManager.swift in Sources */ = {isa = PBXBuildFile; fileRef = B5937666298E610B00697140 /* NewsManager.swift */; };
		B5937669298E841C00697140 /* ArticleTableViewCell.swift in Sources */ = {isa = PBXBuildFile; fileRef = B5937668298E841C00697140 /* ArticleTableViewCell.swift */; };
		B5937691298ED91C00697140 /* CellViewModel.swift in Sources */ = {isa = PBXBuildFile; fileRef = B5937690298ED91C00697140 /* CellViewModel.swift */; };
		B5937695298EE23400697140 /* ArticleViewController.swift in Sources */ = {isa = PBXBuildFile; fileRef = B5937694298EE23400697140 /* ArticleViewController.swift */; };
		B5937697298EEAED00697140 /* ArticleViewModel.swift in Sources */ = {isa = PBXBuildFile; fileRef = B5937696298EEAED00697140 /* ArticleViewModel.swift */; };
		B5937699298EF85100697140 /* WebViewController.swift in Sources */ = {isa = PBXBuildFile; fileRef = B5937698298EF85100697140 /* WebViewController.swift */; };
		B593769B298F0E0600697140 /* NetworkStatus.swift in Sources */ = {isa = PBXBuildFile; fileRef = B593769A298F0E0600697140 /* NetworkStatus.swift */; };
/* End PBXBuildFile section */

/* Begin PBXFileReference section */
		B5937644298E456D00697140 /* NewsApp.app */ = {isa = PBXFileReference; explicitFileType = wrapper.application; includeInIndex = 0; path = NewsApp.app; sourceTree = BUILT_PRODUCTS_DIR; };
		B5937647298E456D00697140 /* AppDelegate.swift */ = {isa = PBXFileReference; lastKnownFileType = sourcecode.swift; path = AppDelegate.swift; sourceTree = "<group>"; };
		B5937649298E456D00697140 /* SceneDelegate.swift */ = {isa = PBXFileReference; lastKnownFileType = sourcecode.swift; path = SceneDelegate.swift; sourceTree = "<group>"; };
		B593764B298E456D00697140 /* NewsViewController.swift */ = {isa = PBXFileReference; lastKnownFileType = sourcecode.swift; path = NewsViewController.swift; sourceTree = "<group>"; };
		B5937653298E456F00697140 /* Assets.xcassets */ = {isa = PBXFileReference; lastKnownFileType = folder.assetcatalog; path = Assets.xcassets; sourceTree = "<group>"; };
		B5937656298E456F00697140 /* Base */ = {isa = PBXFileReference; lastKnownFileType = file.storyboard; name = Base; path = Base.lproj/LaunchScreen.storyboard; sourceTree = "<group>"; };
		B5937658298E456F00697140 /* Info.plist */ = {isa = PBXFileReference; lastKnownFileType = text.plist.xml; path = Info.plist; sourceTree = "<group>"; };
		B5937662298E518E00697140 /* NewsModel.swift */ = {isa = PBXFileReference; lastKnownFileType = sourcecode.swift; path = NewsModel.swift; sourceTree = "<group>"; };
		B5937666298E610B00697140 /* NewsManager.swift */ = {isa = PBXFileReference; lastKnownFileType = sourcecode.swift; path = NewsManager.swift; sourceTree = "<group>"; };
		B5937668298E841C00697140 /* ArticleTableViewCell.swift */ = {isa = PBXFileReference; lastKnownFileType = sourcecode.swift; path = ArticleTableViewCell.swift; sourceTree = "<group>"; };
		B5937690298ED91C00697140 /* CellViewModel.swift */ = {isa = PBXFileReference; lastKnownFileType = sourcecode.swift; path = CellViewModel.swift; sourceTree = "<group>"; };
		B5937694298EE23400697140 /* ArticleViewController.swift */ = {isa = PBXFileReference; lastKnownFileType = sourcecode.swift; path = ArticleViewController.swift; sourceTree = "<group>"; };
		B5937696298EEAED00697140 /* ArticleViewModel.swift */ = {isa = PBXFileReference; lastKnownFileType = sourcecode.swift; path = ArticleViewModel.swift; sourceTree = "<group>"; };
		B5937698298EF85100697140 /* WebViewController.swift */ = {isa = PBXFileReference; lastKnownFileType = sourcecode.swift; path = WebViewController.swift; sourceTree = "<group>"; };
		B593769A298F0E0600697140 /* NetworkStatus.swift */ = {isa = PBXFileReference; lastKnownFileType = sourcecode.swift; path = NetworkStatus.swift; sourceTree = "<group>"; };
/* End PBXFileReference section */

/* Begin PBXFrameworksBuildPhase section */
		B5937641298E456D00697140 /* Frameworks */ = {
			isa = PBXFrameworksBuildPhase;
			buildActionMask = 2147483647;
			files = (
			);
			runOnlyForDeploymentPostprocessing = 0;
		};
/* End PBXFrameworksBuildPhase section */

/* Begin PBXGroup section */
		B593763B298E456D00697140 = {
			isa = PBXGroup;
			children = (
				B5937646298E456D00697140 /* NewsApp */,
				B5937645298E456D00697140 /* Products */,
			);
			sourceTree = "<group>";
		};
		B5937645298E456D00697140 /* Products */ = {
			isa = PBXGroup;
			children = (
				B5937644298E456D00697140 /* NewsApp.app */,
			);
			name = Products;
			sourceTree = "<group>";
		};
		B5937646298E456D00697140 /* NewsApp */ = {
			isa = PBXGroup;
			children = (
				B5937647298E456D00697140 /* AppDelegate.swift */,
				B5937649298E456D00697140 /* SceneDelegate.swift */,
				B5937661298E517100697140 /* Model */,
				B59376BF298FB59E00697140 /* View */,
				B59376BE298FB57D00697140 /* ViewModel */,
				B5F23FF22990252600AB267C /* Tools */,
				B5937653298E456F00697140 /* Assets.xcassets */,
				B5937655298E456F00697140 /* LaunchScreen.storyboard */,
				B5937658298E456F00697140 /* Info.plist */,
			);
			path = NewsApp;
			sourceTree = "<group>";
		};
		B5937661298E517100697140 /* Model */ = {
			isa = PBXGroup;
			children = (
				B5937662298E518E00697140 /* NewsModel.swift */,
				B5937666298E610B00697140 /* NewsManager.swift */,
			);
			path = Model;
			sourceTree = "<group>";
		};
		B59376BE298FB57D00697140 /* ViewModel */ = {
			isa = PBXGroup;
			children = (
				B5937696298EEAED00697140 /* ArticleViewModel.swift */,
				B5937690298ED91C00697140 /* CellViewModel.swift */,
			);
			path = ViewModel;
			sourceTree = "<group>";
		};
		B59376BF298FB59E00697140 /* View */ = {
			isa = PBXGroup;
			children = (
				B593764B298E456D00697140 /* NewsViewController.swift */,
				B5937668298E841C00697140 /* ArticleTableViewCell.swift */,
				B5937694298EE23400697140 /* ArticleViewController.swift */,
				B5937698298EF85100697140 /* WebViewController.swift */,
			);
			path = View;
			sourceTree = "<group>";
		};
		B5F23FF22990252600AB267C /* Tools */ = {
			isa = PBXGroup;
			children = (
				B593769A298F0E0600697140 /* NetworkStatus.swift */,
			);
			path = Tools;
			sourceTree = "<group>";
		};
/* End PBXGroup section */

/* Begin PBXNativeTarget section */
		B5937643298E456D00697140 /* NewsApp */ = {
			isa = PBXNativeTarget;
			buildConfigurationList = B593765B298E456F00697140 /* Build configuration list for PBXNativeTarget "NewsApp" */;
			buildPhases = (
				B5937640298E456D00697140 /* Sources */,
				B5937641298E456D00697140 /* Frameworks */,
				B5937642298E456D00697140 /* Resources */,
			);
			buildRules = (
			);
			dependencies = (
			);
			name = NewsApp;
			productName = NewsApp;
			productReference = B5937644298E456D00697140 /* NewsApp.app */;
			productType = "com.apple.product-type.application";
		};
/* End PBXNativeTarget section */

/* Begin PBXProject section */
		B593763C298E456D00697140 /* Project object */ = {
			isa = PBXProject;
			attributes = {
				BuildIndependentTargetsInParallel = 1;
				LastSwiftUpdateCheck = 1420;
				LastUpgradeCheck = 1420;
				TargetAttributes = {
					B5937643298E456D00697140 = {
						CreatedOnToolsVersion = 14.2;
					};
				};
			};
			buildConfigurationList = B593763F298E456D00697140 /* Build configuration list for PBXProject "NewsApp" */;
			compatibilityVersion = "Xcode 14.0";
			developmentRegion = en;
			hasScannedForEncodings = 0;
			knownRegions = (
				en,
				Base,
			);
			mainGroup = B593763B298E456D00697140;
			productRefGroup = B5937645298E456D00697140 /* Products */;
			projectDirPath = "";
			projectRoot = "";
			targets = (
				B5937643298E456D00697140 /* NewsApp */,
			);
		};
/* End PBXProject section */

/* Begin PBXResourcesBuildPhase section */
		B5937642298E456D00697140 /* Resources */ = {
			isa = PBXResourcesBuildPhase;
			buildActionMask = 2147483647;
			files = (
				B5937657298E456F00697140 /* LaunchScreen.storyboard in Resources */,
				B5937654298E456F00697140 /* Assets.xcassets in Resources */,
			);
			runOnlyForDeploymentPostprocessing = 0;
		};
/* End PBXResourcesBuildPhase section */

/* Begin PBXSourcesBuildPhase section */
		B5937640298E456D00697140 /* Sources */ = {
			isa = PBXSourcesBuildPhase;
			buildActionMask = 2147483647;
			files = (
				B593764C298E456D00697140 /* NewsViewController.swift in Sources */,
				B5937699298EF85100697140 /* WebViewController.swift in Sources */,
				B593769B298F0E0600697140 /* NetworkStatus.swift in Sources */,
				B5937648298E456D00697140 /* AppDelegate.swift in Sources */,
				B5937697298EEAED00697140 /* ArticleViewModel.swift in Sources */,
				B5937669298E841C00697140 /* ArticleTableViewCell.swift in Sources */,
				B5937695298EE23400697140 /* ArticleViewController.swift in Sources */,
				B593764A298E456D00697140 /* SceneDelegate.swift in Sources */,
				B5937691298ED91C00697140 /* CellViewModel.swift in Sources */,
				B5937667298E610B00697140 /* NewsManager.swift in Sources */,
				B5937663298E518E00697140 /* NewsModel.swift in Sources */,
			);
			runOnlyForDeploymentPostprocessing = 0;
		};
/* End PBXSourcesBuildPhase section */

/* Begin PBXVariantGroup section */
		B5937655298E456F00697140 /* LaunchScreen.storyboard */ = {
			isa = PBXVariantGroup;
			children = (
				B5937656298E456F00697140 /* Base */,
			);
			name = LaunchScreen.storyboard;
			sourceTree = "<group>";
		};
/* End PBXVariantGroup section */

/* Begin XCBuildConfiguration section */
		B5937659298E456F00697140 /* Debug */ = {
			isa = XCBuildConfiguration;
			buildSettings = {
				ALWAYS_SEARCH_USER_PATHS = NO;
				CLANG_ANALYZER_NONNULL = YES;
				CLANG_ANALYZER_NUMBER_OBJECT_CONVERSION = YES_AGGRESSIVE;
				CLANG_CXX_LANGUAGE_STANDARD = "gnu++20";
				CLANG_ENABLE_MODULES = YES;
				CLANG_ENABLE_OBJC_ARC = YES;
				CLANG_ENABLE_OBJC_WEAK = YES;
				CLANG_WARN_BLOCK_CAPTURE_AUTORELEASING = YES;
				CLANG_WARN_BOOL_CONVERSION = YES;
				CLANG_WARN_COMMA = YES;
				CLANG_WARN_CONSTANT_CONVERSION = YES;
				CLANG_WARN_DEPRECATED_OBJC_IMPLEMENTATIONS = YES;
				CLANG_WARN_DIRECT_OBJC_ISA_USAGE = YES_ERROR;
				CLANG_WARN_DOCUMENTATION_COMMENTS = YES;
				CLANG_WARN_EMPTY_BODY = YES;
				CLANG_WARN_ENUM_CONVERSION = YES;
				CLANG_WARN_INFINITE_RECURSION = YES;
				CLANG_WARN_INT_CONVERSION = YES;
				CLANG_WARN_NON_LITERAL_NULL_CONVERSION = YES;
				CLANG_WARN_OBJC_IMPLICIT_RETAIN_SELF = YES;
				CLANG_WARN_OBJC_LITERAL_CONVERSION = YES;
				CLANG_WARN_OBJC_ROOT_CLASS = YES_ERROR;
				CLANG_WARN_QUOTED_INCLUDE_IN_FRAMEWORK_HEADER = YES;
				CLANG_WARN_RANGE_LOOP_ANALYSIS = YES;
				CLANG_WARN_STRICT_PROTOTYPES = YES;
				CLANG_WARN_SUSPICIOUS_MOVE = YES;
				CLANG_WARN_UNGUARDED_AVAILABILITY = YES_AGGRESSIVE;
				CLANG_WARN_UNREACHABLE_CODE = YES;
				CLANG_WARN__DUPLICATE_METHOD_MATCH = YES;
				COPY_PHASE_STRIP = NO;
				DEBUG_INFORMATION_FORMAT = dwarf;
				ENABLE_STRICT_OBJC_MSGSEND = YES;
				ENABLE_TESTABILITY = YES;
				GCC_C_LANGUAGE_STANDARD = gnu11;
				GCC_DYNAMIC_NO_PIC = NO;
				GCC_NO_COMMON_BLOCKS = YES;
				GCC_OPTIMIZATION_LEVEL = 0;
				GCC_PREPROCESSOR_DEFINITIONS = (
					"DEBUG=1",
					"$(inherited)",
				);
				GCC_WARN_64_TO_32_BIT_CONVERSION = YES;
				GCC_WARN_ABOUT_RETURN_TYPE = YES_ERROR;
				GCC_WARN_UNDECLARED_SELECTOR = YES;
				GCC_WARN_UNINITIALIZED_AUTOS = YES_AGGRESSIVE;
				GCC_WARN_UNUSED_FUNCTION = YES;
				GCC_WARN_UNUSED_VARIABLE = YES;
				IPHONEOS_DEPLOYMENT_TARGET = 14.0;
				MTL_ENABLE_DEBUG_INFO = INCLUDE_SOURCE;
				MTL_FAST_MATH = YES;
				ONLY_ACTIVE_ARCH = YES;
				SDKROOT = iphoneos;
				SWIFT_ACTIVE_COMPILATION_CONDITIONS = DEBUG;
				SWIFT_OPTIMIZATION_LEVEL = "-Onone";
			};
			name = Debug;
		};
		B593765A298E456F00697140 /* Release */ = {
			isa = XCBuildConfiguration;
			buildSettings = {
				ALWAYS_SEARCH_USER_PATHS = NO;
				CLANG_ANALYZER_NONNULL = YES;
				CLANG_ANALYZER_NUMBER_OBJECT_CONVERSION = YES_AGGRESSIVE;
				CLANG_CXX_LANGUAGE_STANDARD = "gnu++20";
				CLANG_ENABLE_MODULES = YES;
				CLANG_ENABLE_OBJC_ARC = YES;
				CLANG_ENABLE_OBJC_WEAK = YES;
				CLANG_WARN_BLOCK_CAPTURE_AUTORELEASING = YES;
				CLANG_WARN_BOOL_CONVERSION = YES;
				CLANG_WARN_COMMA = YES;
				CLANG_WARN_CONSTANT_CONVERSION = YES;
				CLANG_WARN_DEPRECATED_OBJC_IMPLEMENTATIONS = YES;
				CLANG_WARN_DIRECT_OBJC_ISA_USAGE = YES_ERROR;
				CLANG_WARN_DOCUMENTATION_COMMENTS = YES;
				CLANG_WARN_EMPTY_BODY = YES;
				CLANG_WARN_ENUM_CONVERSION = YES;
				CLANG_WARN_INFINITE_RECURSION = YES;
				CLANG_WARN_INT_CONVERSION = YES;
				CLANG_WARN_NON_LITERAL_NULL_CONVERSION = YES;
				CLANG_WARN_OBJC_IMPLICIT_RETAIN_SELF = YES;
				CLANG_WARN_OBJC_LITERAL_CONVERSION = YES;
				CLANG_WARN_OBJC_ROOT_CLASS = YES_ERROR;
				CLANG_WARN_QUOTED_INCLUDE_IN_FRAMEWORK_HEADER = YES;
				CLANG_WARN_RANGE_LOOP_ANALYSIS = YES;
				CLANG_WARN_STRICT_PROTOTYPES = YES;
				CLANG_WARN_SUSPICIOUS_MOVE = YES;
				CLANG_WARN_UNGUARDED_AVAILABILITY = YES_AGGRESSIVE;
				CLANG_WARN_UNREACHABLE_CODE = YES;
				CLANG_WARN__DUPLICATE_METHOD_MATCH = YES;
				COPY_PHASE_STRIP = NO;
				DEBUG_INFORMATION_FORMAT = "dwarf-with-dsym";
				ENABLE_NS_ASSERTIONS = NO;
				ENABLE_STRICT_OBJC_MSGSEND = YES;
				GCC_C_LANGUAGE_STANDARD = gnu11;
				GCC_NO_COMMON_BLOCKS = YES;
				GCC_WARN_64_TO_32_BIT_CONVERSION = YES;
				GCC_WARN_ABOUT_RETURN_TYPE = YES_ERROR;
				GCC_WARN_UNDECLARED_SELECTOR = YES;
				GCC_WARN_UNINITIALIZED_AUTOS = YES_AGGRESSIVE;
				GCC_WARN_UNUSED_FUNCTION = YES;
				GCC_WARN_UNUSED_VARIABLE = YES;
				IPHONEOS_DEPLOYMENT_TARGET = 14.0;
				MTL_ENABLE_DEBUG_INFO = NO;
				MTL_FAST_MATH = YES;
				SDKROOT = iphoneos;
				SWIFT_COMPILATION_MODE = wholemodule;
				SWIFT_OPTIMIZATION_LEVEL = "-O";
				VALIDATE_PRODUCT = YES;
			};
			name = Release;
		};
		B593765C298E456F00697140 /* Debug */ = {
			isa = XCBuildConfiguration;
			buildSettings = {
				ASSETCATALOG_COMPILER_APPICON_NAME = AppIcon;
				ASSETCATALOG_COMPILER_GLOBAL_ACCENT_COLOR_NAME = AccentColor;
				CODE_SIGN_STYLE = Automatic;
				CURRENT_PROJECT_VERSION = 1;
				DEVELOPMENT_TEAM = J6J4USC39N;
				GENERATE_INFOPLIST_FILE = YES;
				INFOPLIST_FILE = NewsApp/Info.plist;
				INFOPLIST_KEY_UIApplicationSupportsIndirectInputEvents = YES;
				INFOPLIST_KEY_UILaunchStoryboardName = LaunchScreen;
				INFOPLIST_KEY_UISupportedInterfaceOrientations_iPad = "UIInterfaceOrientationPortrait UIInterfaceOrientationPortraitUpsideDown UIInterfaceOrientationLandscapeLeft UIInterfaceOrientationLandscapeRight";
				INFOPLIST_KEY_UISupportedInterfaceOrientations_iPhone = "UIInterfaceOrientationPortrait UIInterfaceOrientationLandscapeLeft UIInterfaceOrientationLandscapeRight";
				IPHONEOS_DEPLOYMENT_TARGET = 14.0;
				LD_RUNPATH_SEARCH_PATHS = (
					"$(inherited)",
					"@executable_path/Frameworks",
				);
				MARKETING_VERSION = 1.0;
				PRODUCT_BUNDLE_IDENTIFIER = com.bolgardanchenko.NewsApp;
				PRODUCT_NAME = "$(TARGET_NAME)";
				SWIFT_EMIT_LOC_STRINGS = YES;
				SWIFT_VERSION = 5.0;
				TARGETED_DEVICE_FAMILY = "1,2";
			};
			name = Debug;
		};
		B593765D298E456F00697140 /* Release */ = {
			isa = XCBuildConfiguration;
			buildSettings = {
				ASSETCATALOG_COMPILER_APPICON_NAME = AppIcon;
				ASSETCATALOG_COMPILER_GLOBAL_ACCENT_COLOR_NAME = AccentColor;
				CODE_SIGN_STYLE = Automatic;
				CURRENT_PROJECT_VERSION = 1;
				DEVELOPMENT_TEAM = J6J4USC39N;
				GENERATE_INFOPLIST_FILE = YES;
				INFOPLIST_FILE = NewsApp/Info.plist;
				INFOPLIST_KEY_UIApplicationSupportsIndirectInputEvents = YES;
				INFOPLIST_KEY_UILaunchStoryboardName = LaunchScreen;
				INFOPLIST_KEY_UISupportedInterfaceOrientations_iPad = "UIInterfaceOrientationPortrait UIInterfaceOrientationPortraitUpsideDown UIInterfaceOrientationLandscapeLeft UIInterfaceOrientationLandscapeRight";
				INFOPLIST_KEY_UISupportedInterfaceOrientations_iPhone = "UIInterfaceOrientationPortrait UIInterfaceOrientationLandscapeLeft UIInterfaceOrientationLandscapeRight";
				IPHONEOS_DEPLOYMENT_TARGET = 14.0;
				LD_RUNPATH_SEARCH_PATHS = (
					"$(inherited)",
					"@executable_path/Frameworks",
				);
				MARKETING_VERSION = 1.0;
				PRODUCT_BUNDLE_IDENTIFIER = com.bolgardanchenko.NewsApp;
				PRODUCT_NAME = "$(TARGET_NAME)";
				SWIFT_EMIT_LOC_STRINGS = YES;
				SWIFT_VERSION = 5.0;
				TARGETED_DEVICE_FAMILY = "1,2";
			};
			name = Release;
		};
/* End XCBuildConfiguration section */

/* Begin XCConfigurationList section */
		B593763F298E456D00697140 /* Build configuration list for PBXProject "NewsApp" */ = {
			isa = XCConfigurationList;
			buildConfigurations = (
				B5937659298E456F00697140 /* Debug */,
				B593765A298E456F00697140 /* Release */,
			);
			defaultConfigurationIsVisible = 0;
			defaultConfigurationName = Release;
		};
		B593765B298E456F00697140 /* Build configuration list for PBXNativeTarget "NewsApp" */ = {
			isa = XCConfigurationList;
			buildConfigurations = (
				B593765C298E456F00697140 /* Debug */,
				B593765D298E456F00697140 /* Release */,
			);
			defaultConfigurationIsVisible = 0;
			defaultConfigurationName = Release;
		};
/* End XCConfigurationList section */
	};
	rootObject = B593763C298E456D00697140 /* Project object */;
}
